// !$*UTF8*$!
{
	archiveVersion = 1;
	classes = {
	};
	objectVersion = 50;
	objects = {

/* Begin PBXBuildFile section */
		3FF004792564EDC700DDA25D /* AppDelegate.swift in Sources */ = {isa = PBXBuildFile; fileRef = 3FF004782564EDC700DDA25D /* AppDelegate.swift */; };
		3FF0047B2564EDC700DDA25D /* SceneDelegate.swift in Sources */ = {isa = PBXBuildFile; fileRef = 3FF0047A2564EDC700DDA25D /* SceneDelegate.swift */; };
		3FF0047D2564EDC700DDA25D /* ViewController.swift in Sources */ = {isa = PBXBuildFile; fileRef = 3FF0047C2564EDC700DDA25D /* ViewController.swift */; };
		3FF004802564EDC700DDA25D /* Main.storyboard in Resources */ = {isa = PBXBuildFile; fileRef = 3FF0047E2564EDC700DDA25D /* Main.storyboard */; };
		3FF004832564EDC700DDA25D /* Kankulyator.xcdatamodeld in Sources */ = {isa = PBXBuildFile; fileRef = 3FF004812564EDC700DDA25D /* Kankulyator.xcdatamodeld */; };
		3FF004852564EDC800DDA25D /* Assets.xcassets in Resources */ = {isa = PBXBuildFile; fileRef = 3FF004842564EDC800DDA25D /* Assets.xcassets */; };
		3FF004882564EDC800DDA25D /* LaunchScreen.storyboard in Resources */ = {isa = PBXBuildFile; fileRef = 3FF004862564EDC800DDA25D /* LaunchScreen.storyboard */; };
		3FF004932564EDC800DDA25D /* KankulyatorTests.swift in Sources */ = {isa = PBXBuildFile; fileRef = 3FF004922564EDC800DDA25D /* KankulyatorTests.swift */; };
		3FF0049E2564EDC900DDA25D /* KankulyatorUITests.swift in Sources */ = {isa = PBXBuildFile; fileRef = 3FF0049D2564EDC900DDA25D /* KankulyatorUITests.swift */; };
/* End PBXBuildFile section */

/* Begin PBXContainerItemProxy section */
		3FF0048F2564EDC800DDA25D /* PBXContainerItemProxy */ = {
			isa = PBXContainerItemProxy;
			containerPortal = 3FF0046D2564EDC700DDA25D /* Project object */;
			proxyType = 1;
			remoteGlobalIDString = 3FF004742564EDC700DDA25D;
			remoteInfo = Kankulyator;
		};
		3FF0049A2564EDC900DDA25D /* PBXContainerItemProxy */ = {
			isa = PBXContainerItemProxy;
			containerPortal = 3FF0046D2564EDC700DDA25D /* Project object */;
			proxyType = 1;
			remoteGlobalIDString = 3FF004742564EDC700DDA25D;
			remoteInfo = Kankulyator;
		};
/* End PBXContainerItemProxy section */

/* Begin PBXFileReference section */
		3FF004752564EDC700DDA25D /* Kankulyator.app */ = {isa = PBXFileReference; explicitFileType = wrapper.application; includeInIndex = 0; path = Kankulyator.app; sourceTree = BUILT_PRODUCTS_DIR; };
		3FF004782564EDC700DDA25D /* AppDelegate.swift */ = {isa = PBXFileReference; lastKnownFileType = sourcecode.swift; path = AppDelegate.swift; sourceTree = "<group>"; };
		3FF0047A2564EDC700DDA25D /* SceneDelegate.swift */ = {isa = PBXFileReference; lastKnownFileType = sourcecode.swift; path = SceneDelegate.swift; sourceTree = "<group>"; };
		3FF0047C2564EDC700DDA25D /* ViewController.swift */ = {isa = PBXFileReference; lastKnownFileType = sourcecode.swift; path = ViewController.swift; sourceTree = "<group>"; };
		3FF0047F2564EDC700DDA25D /* Base */ = {isa = PBXFileReference; lastKnownFileType = file.storyboard; name = Base; path = Base.lproj/Main.storyboard; sourceTree = "<group>"; };
		3FF004822564EDC700DDA25D /* Kankulyator.xcdatamodel */ = {isa = PBXFileReference; lastKnownFileType = wrapper.xcdatamodel; path = Kankulyator.xcdatamodel; sourceTree = "<group>"; };
		3FF004842564EDC800DDA25D /* Assets.xcassets */ = {isa = PBXFileReference; lastKnownFileType = folder.assetcatalog; path = Assets.xcassets; sourceTree = "<group>"; };
		3FF004872564EDC800DDA25D /* Base */ = {isa = PBXFileReference; lastKnownFileType = file.storyboard; name = Base; path = Base.lproj/LaunchScreen.storyboard; sourceTree = "<group>"; };
		3FF004892564EDC800DDA25D /* Info.plist */ = {isa = PBXFileReference; lastKnownFileType = text.plist.xml; path = Info.plist; sourceTree = "<group>"; };
		3FF0048E2564EDC800DDA25D /* KankulyatorTests.xctest */ = {isa = PBXFileReference; explicitFileType = wrapper.cfbundle; includeInIndex = 0; path = KankulyatorTests.xctest; sourceTree = BUILT_PRODUCTS_DIR; };
		3FF004922564EDC800DDA25D /* KankulyatorTests.swift */ = {isa = PBXFileReference; lastKnownFileType = sourcecode.swift; path = KankulyatorTests.swift; sourceTree = "<group>"; };
		3FF004942564EDC800DDA25D /* Info.plist */ = {isa = PBXFileReference; lastKnownFileType = text.plist.xml; path = Info.plist; sourceTree = "<group>"; };
		3FF004992564EDC900DDA25D /* KankulyatorUITests.xctest */ = {isa = PBXFileReference; explicitFileType = wrapper.cfbundle; includeInIndex = 0; path = KankulyatorUITests.xctest; sourceTree = BUILT_PRODUCTS_DIR; };
		3FF0049D2564EDC900DDA25D /* KankulyatorUITests.swift */ = {isa = PBXFileReference; lastKnownFileType = sourcecode.swift; path = KankulyatorUITests.swift; sourceTree = "<group>"; };
		3FF0049F2564EDC900DDA25D /* Info.plist */ = {isa = PBXFileReference; lastKnownFileType = text.plist.xml; path = Info.plist; sourceTree = "<group>"; };
/* End PBXFileReference section */

/* Begin PBXFrameworksBuildPhase section */
		3FF004722564EDC700DDA25D /* Frameworks */ = {
			isa = PBXFrameworksBuildPhase;
			buildActionMask = 2147483647;
			files = (
			);
			runOnlyForDeploymentPostprocessing = 0;
		};
		3FF0048B2564EDC800DDA25D /* Frameworks */ = {
			isa = PBXFrameworksBuildPhase;
			buildActionMask = 2147483647;
			files = (
			);
			runOnlyForDeploymentPostprocessing = 0;
		};
		3FF004962564EDC900DDA25D /* Frameworks */ = {
			isa = PBXFrameworksBuildPhase;
			buildActionMask = 2147483647;
			files = (
			);
			runOnlyForDeploymentPostprocessing = 0;
		};
/* End PBXFrameworksBuildPhase section */

/* Begin PBXGroup section */
		3FF0046C2564EDC700DDA25D = {
			isa = PBXGroup;
			children = (
				3FF004772564EDC700DDA25D /* Kankulyator */,
				3FF004912564EDC800DDA25D /* KankulyatorTests */,
				3FF0049C2564EDC900DDA25D /* KankulyatorUITests */,
				3FF004762564EDC700DDA25D /* Products */,
			);
			sourceTree = "<group>";
		};
		3FF004762564EDC700DDA25D /* Products */ = {
			isa = PBXGroup;
			children = (
				3FF004752564EDC700DDA25D /* Kankulyator.app */,
				3FF0048E2564EDC800DDA25D /* KankulyatorTests.xctest */,
				3FF004992564EDC900DDA25D /* KankulyatorUITests.xctest */,
			);
			name = Products;
			sourceTree = "<group>";
		};
		3FF004772564EDC700DDA25D /* Kankulyator */ = {
			isa = PBXGroup;
			children = (
				3FF004782564EDC700DDA25D /* AppDelegate.swift */,
				3FF0047A2564EDC700DDA25D /* SceneDelegate.swift */,
				3FF0047C2564EDC700DDA25D /* ViewController.swift */,
				3FF0047E2564EDC700DDA25D /* Main.storyboard */,
				3FF004842564EDC800DDA25D /* Assets.xcassets */,
				3FF004862564EDC800DDA25D /* LaunchScreen.storyboard */,
				3FF004892564EDC800DDA25D /* Info.plist */,
				3FF004812564EDC700DDA25D /* Kankulyator.xcdatamodeld */,
			);
			path = Kankulyator;
			sourceTree = "<group>";
		};
		3FF004912564EDC800DDA25D /* KankulyatorTests */ = {
			isa = PBXGroup;
			children = (
				3FF004922564EDC800DDA25D /* KankulyatorTests.swift */,
				3FF004942564EDC800DDA25D /* Info.plist */,
			);
			path = KankulyatorTests;
			sourceTree = "<group>";
		};
		3FF0049C2564EDC900DDA25D /* KankulyatorUITests */ = {
			isa = PBXGroup;
			children = (
				3FF0049D2564EDC900DDA25D /* KankulyatorUITests.swift */,
				3FF0049F2564EDC900DDA25D /* Info.plist */,
			);
			path = KankulyatorUITests;
			sourceTree = "<group>";
		};
/* End PBXGroup section */

/* Begin PBXNativeTarget section */
		3FF004742564EDC700DDA25D /* Kankulyator */ = {
			isa = PBXNativeTarget;
			buildConfigurationList = 3FF004A22564EDC900DDA25D /* Build configuration list for PBXNativeTarget "Kankulyator" */;
			buildPhases = (
				3FF004712564EDC700DDA25D /* Sources */,
				3FF004722564EDC700DDA25D /* Frameworks */,
				3FF004732564EDC700DDA25D /* Resources */,
			);
			buildRules = (
			);
			dependencies = (
			);
			name = Kankulyator;
			productName = Kankulyator;
			productReference = 3FF004752564EDC700DDA25D /* Kankulyator.app */;
			productType = "com.apple.product-type.application";
		};
		3FF0048D2564EDC800DDA25D /* KankulyatorTests */ = {
			isa = PBXNativeTarget;
			buildConfigurationList = 3FF004A52564EDC900DDA25D /* Build configuration list for PBXNativeTarget "KankulyatorTests" */;
			buildPhases = (
				3FF0048A2564EDC800DDA25D /* Sources */,
				3FF0048B2564EDC800DDA25D /* Frameworks */,
				3FF0048C2564EDC800DDA25D /* Resources */,
			);
			buildRules = (
			);
			dependencies = (
				3FF004902564EDC800DDA25D /* PBXTargetDependency */,
			);
			name = KankulyatorTests;
			productName = KankulyatorTests;
			productReference = 3FF0048E2564EDC800DDA25D /* KankulyatorTests.xctest */;
			productType = "com.apple.product-type.bundle.unit-test";
		};
		3FF004982564EDC900DDA25D /* KankulyatorUITests */ = {
			isa = PBXNativeTarget;
			buildConfigurationList = 3FF004A82564EDC900DDA25D /* Build configuration list for PBXNativeTarget "KankulyatorUITests" */;
			buildPhases = (
				3FF004952564EDC900DDA25D /* Sources */,
				3FF004962564EDC900DDA25D /* Frameworks */,
				3FF004972564EDC900DDA25D /* Resources */,
			);
			buildRules = (
			);
			dependencies = (
				3FF0049B2564EDC900DDA25D /* PBXTargetDependency */,
			);
			name = KankulyatorUITests;
			productName = KankulyatorUITests;
			productReference = 3FF004992564EDC900DDA25D /* KankulyatorUITests.xctest */;
			productType = "com.apple.product-type.bundle.ui-testing";
		};
/* End PBXNativeTarget section */

/* Begin PBXProject section */
		3FF0046D2564EDC700DDA25D /* Project object */ = {
			isa = PBXProject;
			attributes = {
				LastSwiftUpdateCheck = 1200;
				LastUpgradeCheck = 1200;
				TargetAttributes = {
					3FF004742564EDC700DDA25D = {
						CreatedOnToolsVersion = 12.0;
					};
					3FF0048D2564EDC800DDA25D = {
						CreatedOnToolsVersion = 12.0;
						TestTargetID = 3FF004742564EDC700DDA25D;
					};
					3FF004982564EDC900DDA25D = {
						CreatedOnToolsVersion = 12.0;
						TestTargetID = 3FF004742564EDC700DDA25D;
					};
				};
			};
			buildConfigurationList = 3FF004702564EDC700DDA25D /* Build configuration list for PBXProject "Kankulyator" */;
			compatibilityVersion = "Xcode 9.3";
			developmentRegion = en;
			hasScannedForEncodings = 0;
			knownRegions = (
				en,
				Base,
			);
			mainGroup = 3FF0046C2564EDC700DDA25D;
			productRefGroup = 3FF004762564EDC700DDA25D /* Products */;
			projectDirPath = "";
			projectRoot = "";
			targets = (
				3FF004742564EDC700DDA25D /* Kankulyator */,
				3FF0048D2564EDC800DDA25D /* KankulyatorTests */,
				3FF004982564EDC900DDA25D /* KankulyatorUITests */,
			);
		};
/* End PBXProject section */

/* Begin PBXResourcesBuildPhase section */
		3FF004732564EDC700DDA25D /* Resources */ = {
			isa = PBXResourcesBuildPhase;
			buildActionMask = 2147483647;
			files = (
				3FF004882564EDC800DDA25D /* LaunchScreen.storyboard in Resources */,
				3FF004852564EDC800DDA25D /* Assets.xcassets in Resources */,
				3FF004802564EDC700DDA25D /* Main.storyboard in Resources */,
			);
			runOnlyForDeploymentPostprocessing = 0;
		};
		3FF0048C2564EDC800DDA25D /* Resources */ = {
			isa = PBXResourcesBuildPhase;
			buildActionMask = 2147483647;
			files = (
			);
			runOnlyForDeploymentPostprocessing = 0;
		};
		3FF004972564EDC900DDA25D /* Resources */ = {
			isa = PBXResourcesBuildPhase;
			buildActionMask = 2147483647;
			files = (
			);
			runOnlyForDeploymentPostprocessing = 0;
		};
/* End PBXResourcesBuildPhase section */

/* Begin PBXSourcesBuildPhase section */
		3FF004712564EDC700DDA25D /* Sources */ = {
			isa = PBXSourcesBuildPhase;
			buildActionMask = 2147483647;
			files = (
				3FF0047D2564EDC700DDA25D /* ViewController.swift in Sources */,
				3FF004832564EDC700DDA25D /* Kankulyator.xcdatamodeld in Sources */,
				3FF004792564EDC700DDA25D /* AppDelegate.swift in Sources */,
				3FF0047B2564EDC700DDA25D /* SceneDelegate.swift in Sources */,
			);
			runOnlyForDeploymentPostprocessing = 0;
		};
		3FF0048A2564EDC800DDA25D /* Sources */ = {
			isa = PBXSourcesBuildPhase;
			buildActionMask = 2147483647;
			files = (
				3FF004932564EDC800DDA25D /* KankulyatorTests.swift in Sources */,
			);
			runOnlyForDeploymentPostprocessing = 0;
		};
		3FF004952564EDC900DDA25D /* Sources */ = {
			isa = PBXSourcesBuildPhase;
			buildActionMask = 2147483647;
			files = (
				3FF0049E2564EDC900DDA25D /* KankulyatorUITests.swift in Sources */,
			);
			runOnlyForDeploymentPostprocessing = 0;
		};
/* End PBXSourcesBuildPhase section */

/* Begin PBXTargetDependency section */
		3FF004902564EDC800DDA25D /* PBXTargetDependency */ = {
			isa = PBXTargetDependency;
			target = 3FF004742564EDC700DDA25D /* Kankulyator */;
			targetProxy = 3FF0048F2564EDC800DDA25D /* PBXContainerItemProxy */;
		};
		3FF0049B2564EDC900DDA25D /* PBXTargetDependency */ = {
			isa = PBXTargetDependency;
			target = 3FF004742564EDC700DDA25D /* Kankulyator */;
			targetProxy = 3FF0049A2564EDC900DDA25D /* PBXContainerItemProxy */;
		};
/* End PBXTargetDependency section */

/* Begin PBXVariantGroup section */
		3FF0047E2564EDC700DDA25D /* Main.storyboard */ = {
			isa = PBXVariantGroup;
			children = (
				3FF0047F2564EDC700DDA25D /* Base */,
			);
			name = Main.storyboard;
			sourceTree = "<group>";
		};
		3FF004862564EDC800DDA25D /* LaunchScreen.storyboard */ = {
			isa = PBXVariantGroup;
			children = (
				3FF004872564EDC800DDA25D /* Base */,
			);
			name = LaunchScreen.storyboard;
			sourceTree = "<group>";
		};
/* End PBXVariantGroup section */

/* Begin XCBuildConfiguration section */
		3FF004A02564EDC900DDA25D /* Debug */ = {
			isa = XCBuildConfiguration;
			buildSettings = {
				ALWAYS_SEARCH_USER_PATHS = NO;
				CLANG_ANALYZER_NONNULL = YES;
				CLANG_ANALYZER_NUMBER_OBJECT_CONVERSION = YES_AGGRESSIVE;
				CLANG_CXX_LANGUAGE_STANDARD = "gnu++14";
				CLANG_CXX_LIBRARY = "libc++";
				CLANG_ENABLE_MODULES = YES;
				CLANG_ENABLE_OBJC_ARC = YES;
				CLANG_ENABLE_OBJC_WEAK = YES;
				CLANG_WARN_BLOCK_CAPTURE_AUTORELEASING = YES;
				CLANG_WARN_BOOL_CONVERSION = YES;
				CLANG_WARN_COMMA = YES;
				CLANG_WARN_CONSTANT_CONVERSION = YES;
				CLANG_WARN_DEPRECATED_OBJC_IMPLEMENTATIONS = YES;
				CLANG_WARN_DIRECT_OBJC_ISA_USAGE = YES_ERROR;
				CLANG_WARN_DOCUMENTATION_COMMENTS = YES;
				CLANG_WARN_EMPTY_BODY = YES;
				CLANG_WARN_ENUM_CONVERSION = YES;
				CLANG_WARN_INFINITE_RECURSION = YES;
				CLANG_WARN_INT_CONVERSION = YES;
				CLANG_WARN_NON_LITERAL_NULL_CONVERSION = YES;
				CLANG_WARN_OBJC_IMPLICIT_RETAIN_SELF = YES;
				CLANG_WARN_OBJC_LITERAL_CONVERSION = YES;
				CLANG_WARN_OBJC_ROOT_CLASS = YES_ERROR;
				CLANG_WARN_QUOTED_INCLUDE_IN_FRAMEWORK_HEADER = YES;
				CLANG_WARN_RANGE_LOOP_ANALYSIS = YES;
				CLANG_WARN_STRICT_PROTOTYPES = YES;
				CLANG_WARN_SUSPICIOUS_MOVE = YES;
				CLANG_WARN_UNGUARDED_AVAILABILITY = YES_AGGRESSIVE;
				CLANG_WARN_UNREACHABLE_CODE = YES;
				CLANG_WARN__DUPLICATE_METHOD_MATCH = YES;
				COPY_PHASE_STRIP = NO;
				DEBUG_INFORMATION_FORMAT = dwarf;
				ENABLE_STRICT_OBJC_MSGSEND = YES;
				ENABLE_TESTABILITY = YES;
				GCC_C_LANGUAGE_STANDARD = gnu11;
				GCC_DYNAMIC_NO_PIC = NO;
				GCC_NO_COMMON_BLOCKS = YES;
				GCC_OPTIMIZATION_LEVEL = 0;
				GCC_PREPROCESSOR_DEFINITIONS = (
					"DEBUG=1",
					"$(inherited)",
				);
				GCC_WARN_64_TO_32_BIT_CONVERSION = YES;
				GCC_WARN_ABOUT_RETURN_TYPE = YES_ERROR;
				GCC_WARN_UNDECLARED_SELECTOR = YES;
				GCC_WARN_UNINITIALIZED_AUTOS = YES_AGGRESSIVE;
				GCC_WARN_UNUSED_FUNCTION = YES;
				GCC_WARN_UNUSED_VARIABLE = YES;
				IPHONEOS_DEPLOYMENT_TARGET = 14.0;
				MTL_ENABLE_DEBUG_INFO = INCLUDE_SOURCE;
				MTL_FAST_MATH = YES;
				ONLY_ACTIVE_ARCH = YES;
				SDKROOT = iphoneos;
				SWIFT_ACTIVE_COMPILATION_CONDITIONS = DEBUG;
				SWIFT_OPTIMIZATION_LEVEL = "-Onone";
			};
			name = Debug;
		};
		3FF004A12564EDC900DDA25D /* Release */ = {
			isa = XCBuildConfiguration;
			buildSettings = {
				ALWAYS_SEARCH_USER_PATHS = NO;
				CLANG_ANALYZER_NONNULL = YES;
				CLANG_ANALYZER_NUMBER_OBJECT_CONVERSION = YES_AGGRESSIVE;
				CLANG_CXX_LANGUAGE_STANDARD = "gnu++14";
				CLANG_CXX_LIBRARY = "libc++";
				CLANG_ENABLE_MODULES = YES;
				CLANG_ENABLE_OBJC_ARC = YES;
				CLANG_ENABLE_OBJC_WEAK = YES;
				CLANG_WARN_BLOCK_CAPTURE_AUTORELEASING = YES;
				CLANG_WARN_BOOL_CONVERSION = YES;
				CLANG_WARN_COMMA = YES;
				CLANG_WARN_CONSTANT_CONVERSION = YES;
				CLANG_WARN_DEPRECATED_OBJC_IMPLEMENTATIONS = YES;
				CLANG_WARN_DIRECT_OBJC_ISA_USAGE = YES_ERROR;
				CLANG_WARN_DOCUMENTATION_COMMENTS = YES;
				CLANG_WARN_EMPTY_BODY = YES;
				CLANG_WARN_ENUM_CONVERSION = YES;
				CLANG_WARN_INFINITE_RECURSION = YES;
				CLANG_WARN_INT_CONVERSION = YES;
				CLANG_WARN_NON_LITERAL_NULL_CONVERSION = YES;
				CLANG_WARN_OBJC_IMPLICIT_RETAIN_SELF = YES;
				CLANG_WARN_OBJC_LITERAL_CONVERSION = YES;
				CLANG_WARN_OBJC_ROOT_CLASS = YES_ERROR;
				CLANG_WARN_QUOTED_INCLUDE_IN_FRAMEWORK_HEADER = YES;
				CLANG_WARN_RANGE_LOOP_ANALYSIS = YES;
				CLANG_WARN_STRICT_PROTOTYPES = YES;
				CLANG_WARN_SUSPICIOUS_MOVE = YES;
				CLANG_WARN_UNGUARDED_AVAILABILITY = YES_AGGRESSIVE;
				CLANG_WARN_UNREACHABLE_CODE = YES;
				CLANG_WARN__DUPLICATE_METHOD_MATCH = YES;
				COPY_PHASE_STRIP = NO;
				DEBUG_INFORMATION_FORMAT = "dwarf-with-dsym";
				ENABLE_NS_ASSERTIONS = NO;
				ENABLE_STRICT_OBJC_MSGSEND = YES;
				GCC_C_LANGUAGE_STANDARD = gnu11;
				GCC_NO_COMMON_BLOCKS = YES;
				GCC_WARN_64_TO_32_BIT_CONVERSION = YES;
				GCC_WARN_ABOUT_RETURN_TYPE = YES_ERROR;
				GCC_WARN_UNDECLARED_SELECTOR = YES;
				GCC_WARN_UNINITIALIZED_AUTOS = YES_AGGRESSIVE;
				GCC_WARN_UNUSED_FUNCTION = YES;
				GCC_WARN_UNUSED_VARIABLE = YES;
				IPHONEOS_DEPLOYMENT_TARGET = 14.0;
				MTL_ENABLE_DEBUG_INFO = NO;
				MTL_FAST_MATH = YES;
				SDKROOT = iphoneos;
				SWIFT_COMPILATION_MODE = wholemodule;
				SWIFT_OPTIMIZATION_LEVEL = "-O";
				VALIDATE_PRODUCT = YES;
			};
			name = Release;
		};
		3FF004A32564EDC900DDA25D /* Debug */ = {
			isa = XCBuildConfiguration;
			buildSettings = {
				ASSETCATALOG_COMPILER_APPICON_NAME = AppIcon;
				ASSETCATALOG_COMPILER_GLOBAL_ACCENT_COLOR_NAME = AccentColor;
				CODE_SIGN_STYLE = Automatic;
				INFOPLIST_FILE = Kankulyator/Info.plist;
				LD_RUNPATH_SEARCH_PATHS = (
					"$(inherited)",
					"@executable_path/Frameworks",
				);
				PRODUCT_BUNDLE_IDENTIFIER = deveducation.com.Kankulyator;
				PRODUCT_NAME = "$(TARGET_NAME)";
				SWIFT_VERSION = 5.0;
				TARGETED_DEVICE_FAMILY = "1,2";
			};
			name = Debug;
		};
		3FF004A42564EDC900DDA25D /* Release */ = {
			isa = XCBuildConfiguration;
			buildSettings = {
				ASSETCATALOG_COMPILER_APPICON_NAME = AppIcon;
				ASSETCATALOG_COMPILER_GLOBAL_ACCENT_COLOR_NAME = AccentColor;
				CODE_SIGN_STYLE = Automatic;
				INFOPLIST_FILE = Kankulyator/Info.plist;
				LD_RUNPATH_SEARCH_PATHS = (
					"$(inherited)",
					"@executable_path/Frameworks",
				);
				PRODUCT_BUNDLE_IDENTIFIER = deveducation.com.Kankulyator;
				PRODUCT_NAME = "$(TARGET_NAME)";
				SWIFT_VERSION = 5.0;
				TARGETED_DEVICE_FAMILY = "1,2";
			};
			name = Release;
		};
		3FF004A62564EDC900DDA25D /* Debug */ = {
			isa = XCBuildConfiguration;
			buildSettings = {
				ALWAYS_EMBED_SWIFT_STANDARD_LIBRARIES = YES;
				BUNDLE_LOADER = "$(TEST_HOST)";
				CODE_SIGN_STYLE = Automatic;
				INFOPLIST_FILE = KankulyatorTests/Info.plist;
				IPHONEOS_DEPLOYMENT_TARGET = 14.0;
				LD_RUNPATH_SEARCH_PATHS = (
					"$(inherited)",
					"@executable_path/Frameworks",
					"@loader_path/Frameworks",
				);
				PRODUCT_BUNDLE_IDENTIFIER = deveducation.com.KankulyatorTests;
				PRODUCT_NAME = "$(TARGET_NAME)";
				SWIFT_VERSION = 5.0;
				TARGETED_DEVICE_FAMILY = "1,2";
				TEST_HOST = "$(BUILT_PRODUCTS_DIR)/Kankulyator.app/Kankulyator";
			};
			name = Debug;
		};
		3FF004A72564EDC900DDA25D /* Release */ = {
			isa = XCBuildConfiguration;
			buildSettings = {
				ALWAYS_EMBED_SWIFT_STANDARD_LIBRARIES = YES;
				BUNDLE_LOADER = "$(TEST_HOST)";
				CODE_SIGN_STYLE = Automatic;
				INFOPLIST_FILE = KankulyatorTests/Info.plist;
				IPHONEOS_DEPLOYMENT_TARGET = 14.0;
				LD_RUNPATH_SEARCH_PATHS = (
					"$(inherited)",
					"@executable_path/Frameworks",
					"@loader_path/Frameworks",
				);
				PRODUCT_BUNDLE_IDENTIFIER = deveducation.com.KankulyatorTests;
				PRODUCT_NAME = "$(TARGET_NAME)";
				SWIFT_VERSION = 5.0;
				TARGETED_DEVICE_FAMILY = "1,2";
				TEST_HOST = "$(BUILT_PRODUCTS_DIR)/Kankulyator.app/Kankulyator";
			};
			name = Release;
		};
		3FF004A92564EDC900DDA25D /* Debug */ = {
			isa = XCBuildConfiguration;
			buildSettings = {
				ALWAYS_EMBED_SWIFT_STANDARD_LIBRARIES = YES;
				CODE_SIGN_STYLE = Automatic;
				INFOPLIST_FILE = KankulyatorUITests/Info.plist;
				LD_RUNPATH_SEARCH_PATHS = (
					"$(inherited)",
					"@executable_path/Frameworks",
					"@loader_path/Frameworks",
				);
				PRODUCT_BUNDLE_IDENTIFIER = deveducation.com.KankulyatorUITests;
				PRODUCT_NAME = "$(TARGET_NAME)";
				SWIFT_VERSION = 5.0;
				TARGETED_DEVICE_FAMILY = "1,2";
				TEST_TARGET_NAME = Kankulyator;
			};
			name = Debug;
		};
		3FF004AA2564EDC900DDA25D /* Release */ = {
			isa = XCBuildConfiguration;
			buildSettings = {
				ALWAYS_EMBED_SWIFT_STANDARD_LIBRARIES = YES;
				CODE_SIGN_STYLE = Automatic;
				INFOPLIST_FILE = KankulyatorUITests/Info.plist;
				LD_RUNPATH_SEARCH_PATHS = (
					"$(inherited)",
					"@executable_path/Frameworks",
					"@loader_path/Frameworks",
				);
				PRODUCT_BUNDLE_IDENTIFIER = deveducation.com.KankulyatorUITests;
				PRODUCT_NAME = "$(TARGET_NAME)";
				SWIFT_VERSION = 5.0;
				TARGETED_DEVICE_FAMILY = "1,2";
				TEST_TARGET_NAME = Kankulyator;
			};
			name = Release;
		};
/* End XCBuildConfiguration section */

/* Begin XCConfigurationList section */
		3FF004702564EDC700DDA25D /* Build configuration list for PBXProject "Kankulyator" */ = {
			isa = XCConfigurationList;
			buildConfigurations = (
				3FF004A02564EDC900DDA25D /* Debug */,
				3FF004A12564EDC900DDA25D /* Release */,
			);
			defaultConfigurationIsVisible = 0;
			defaultConfigurationName = Release;
		};
		3FF004A22564EDC900DDA25D /* Build configuration list for PBXNativeTarget "Kankulyator" */ = {
			isa = XCConfigurationList;
			buildConfigurations = (
				3FF004A32564EDC900DDA25D /* Debug */,
				3FF004A42564EDC900DDA25D /* Release */,
			);
			defaultConfigurationIsVisible = 0;
			defaultConfigurationName = Release;
		};
		3FF004A52564EDC900DDA25D /* Build configuration list for PBXNativeTarget "KankulyatorTests" */ = {
			isa = XCConfigurationList;
			buildConfigurations = (
				3FF004A62564EDC900DDA25D /* Debug */,
				3FF004A72564EDC900DDA25D /* Release */,
			);
			defaultConfigurationIsVisible = 0;
			defaultConfigurationName = Release;
		};
		3FF004A82564EDC900DDA25D /* Build configuration list for PBXNativeTarget "KankulyatorUITests" */ = {
			isa = XCConfigurationList;
			buildConfigurations = (
				3FF004A92564EDC900DDA25D /* Debug */,
				3FF004AA2564EDC900DDA25D /* Release */,
			);
			defaultConfigurationIsVisible = 0;
			defaultConfigurationName = Release;
		};
/* End XCConfigurationList section */

/* Begin XCVersionGroup section */
		3FF004812564EDC700DDA25D /* Kankulyator.xcdatamodeld */ = {
			isa = XCVersionGroup;
			children = (
				3FF004822564EDC700DDA25D /* Kankulyator.xcdatamodel */,
			);
			currentVersion = 3FF004822564EDC700DDA25D /* Kankulyator.xcdatamodel */;
			path = Kankulyator.xcdatamodeld;
			sourceTree = "<group>";
			versionGroupType = wrapper.xcdatamodel;
		};
/* End XCVersionGroup section */
	};
	rootObject = 3FF0046D2564EDC700DDA25D /* Project object */;
}
